
Microsoft Visual Studio Solution File, Format Version 12.00
# Visual Studio Version 17
VisualStudioVersion = 17.11.35222.181
MinimumVisualStudioVersion = 10.0.40219.1
Project("{9A19103F-16F7-4668-BE54-9A1E7A4F7556}") = "Producer", "Producer\Producer.csproj", "{70EC3A72-6F99-4CD1-85C4-E08D98416AF4}"
EndProject
Project("{FAE04EC0-301F-11D3-BF4B-00C04F79EFBC}") = "Consumer", "Consumer\Consumer.csproj", "{A298B366-1769-4C0C-AAD8-C25F519713F7}"
EndProject
Global
	GlobalSection(SolutionConfigurationPlatforms) = preSolution
		Debug|Any CPU = Debug|Any CPU
		Release|Any CPU = Release|Any CPU
	EndGlobalSection
	GlobalSection(ProjectConfigurationPlatforms) = postSolution
		{70EC3A72-6F99-4CD1-85C4-E08D98416AF4}.Debug|Any CPU.ActiveCfg = Debug|Any CPU
		{70EC3A72-6F99-4CD1-85C4-E08D98416AF4}.Debug|Any CPU.Build.0 = Debug|Any CPU
		{70EC3A72-6F99-4CD1-85C4-E08D98416AF4}.Release|Any CPU.ActiveCfg = Release|Any CPU
		{70EC3A72-6F99-4CD1-85C4-E08D98416AF4}.Release|Any CPU.Build.0 = Release|Any CPU
		{A298B366-1769-4C0C-AAD8-C25F519713F7}.Debug|Any CPU.ActiveCfg = Debug|Any CPU
		{A298B366-1769-4C0C-AAD8-C25F519713F7}.Debug|Any CPU.Build.0 = Debug|Any CPU
		{A298B366-1769-4C0C-AAD8-C25F519713F7}.Release|Any CPU.ActiveCfg = Release|Any CPU
		{A298B366-1769-4C0C-AAD8-C25F519713F7}.Release|Any CPU.Build.0 = Release|Any CPU
	EndGlobalSection
	GlobalSection(SolutionProperties) = preSolution
		HideSolutionNode = FALSE
	EndGlobalSection
	GlobalSection(ExtensibilityGlobals) = postSolution
		SolutionGuid = {696D4217-F9E2-4B63-9D45-520194FD5521}
	EndGlobalSection
EndGlobal
